Microsoft Visual Studio Solution File, Format Version 12.00
# Visual Studio Version 17
VisualStudioVersion = 17.5.2.0
MinimumVisualStudioVersion = 10.0.40219.1
Project("{FAE04EC0-301F-11D3-BF4B-00C04F79EFBC}") = "TestSemanticKernel", "TestSemanticKernel\TestSemanticKernel.csproj", "{2C2F7790-F288-640D-EA4F-5B21A7D6C528}"
EndProject
Global
	GlobalSection(SolutionConfigurationPlatforms) = preSolution
		Debug|Any CPU = Debug|Any CPU
		Release|Any CPU = Release|Any CPU
	EndGlobalSection
	GlobalSection(ProjectConfigurationPlatforms) = postSolution
		{2C2F7790-F288-640D-EA4F-5B21A7D6C528}.Debug|Any CPU.ActiveCfg = Debug|Any CPU
		{2C2F7790-F288-640D-EA4F-5B21A7D6C528}.Debug|Any CPU.Build.0 = Debug|Any CPU
		{2C2F7790-F288-640D-EA4F-5B21A7D6C528}.Release|Any CPU.ActiveCfg = Release|Any CPU
		{2C2F7790-F288-640D-EA4F-5B21A7D6C528}.Release|Any CPU.Build.0 = Release|Any CPU
	EndGlobalSection
	GlobalSection(SolutionProperties) = preSolution
		HideSolutionNode = FALSE
	EndGlobalSection
	GlobalSection(ExtensibilityGlobals) = postSolution
		SolutionGuid = {B5D11E55-345F-4091-AE1A-4CA8D3B859B5}
	EndGlobalSection
EndGlobal
